
Microsoft Visual Studio Solution File, Format Version 12.00
# Visual Studio Version 16
VisualStudioVersion = 16.0.30804.86
MinimumVisualStudioVersion = 10.0.40219.1
Project("{888888A0-9F3D-457C-B088-3A5042F75D52}") = "Elisey_main", "Elisey_main.pyproj", "{79207E12-17BE-4E4C-8F79-CCA5F83C997C}"
EndProject
Global
	GlobalSection(SolutionConfigurationPlatforms) = preSolution
		Debug|Any CPU = Debug|Any CPU
		Release|Any CPU = Release|Any CPU
	EndGlobalSection
	GlobalSection(ProjectConfigurationPlatforms) = postSolution
		{79207E12-17BE-4E4C-8F79-CCA5F83C997C}.Debug|Any CPU.ActiveCfg = Debug|Any CPU
		{79207E12-17BE-4E4C-8F79-CCA5F83C997C}.Release|Any CPU.ActiveCfg = Release|Any CPU
	EndGlobalSection
	GlobalSection(SolutionProperties) = preSolution
		HideSolutionNode = FALSE
	EndGlobalSection
	GlobalSection(ExtensibilityGlobals) = postSolution
		SolutionGuid = {EC7C8600-41C5-4ECA-9AEB-F20B53720363}
	EndGlobalSection
EndGlobal
